
Microsoft Visual Studio Solution File, Format Version 12.00
# Visual Studio Version 17
VisualStudioVersion = 17.1.32328.378
MinimumVisualStudioVersion = 10.0.40219.1
Project("{9A19103F-16F7-4668-BE54-9A1E7A4F7556}") = "Presenatation", "Presenatation.csproj", "{446833FC-EAD2-4E46-AE02-A82E1A66C88F}"
EndProject
Project("{9A19103F-16F7-4668-BE54-9A1E7A4F7556}") = "NinthProjectTests", "..\NinthProjectTests\NinthProjectTests.csproj", "{A7EF0DD1-5B3C-46F4-A70B-B78B60DA8F5A}"
EndProject
Project("{FAE04EC0-301F-11D3-BF4B-00C04F79EFBC}") = "Infrastructure", "..\Infrastructure\Infrastructure.csproj", "{6F860061-1713-4DE7-A94C-95A649F49FF5}"
EndProject
Project("{FAE04EC0-301F-11D3-BF4B-00C04F79EFBC}") = "Model", "..\Modell\Model.csproj", "{1B6C3087-5ADF-4BC3-B573-B6A514B3FA45}"
EndProject
Project("{FAE04EC0-301F-11D3-BF4B-00C04F79EFBC}") = "Services", "..\Servicess\Services.csproj", "{3EFD5C4A-55E8-47C5-98A5-954720BA00F2}"
EndProject
Global
	GlobalSection(SolutionConfigurationPlatforms) = preSolution
		Debug|Any CPU = Debug|Any CPU
		Release|Any CPU = Release|Any CPU
	EndGlobalSection
	GlobalSection(ProjectConfigurationPlatforms) = postSolution
		{446833FC-EAD2-4E46-AE02-A82E1A66C88F}.Debug|Any CPU.ActiveCfg = Debug|Any CPU
		{446833FC-EAD2-4E46-AE02-A82E1A66C88F}.Debug|Any CPU.Build.0 = Debug|Any CPU
		{446833FC-EAD2-4E46-AE02-A82E1A66C88F}.Release|Any CPU.ActiveCfg = Release|Any CPU
		{446833FC-EAD2-4E46-AE02-A82E1A66C88F}.Release|Any CPU.Build.0 = Release|Any CPU
		{A7EF0DD1-5B3C-46F4-A70B-B78B60DA8F5A}.Debug|Any CPU.ActiveCfg = Debug|Any CPU
		{A7EF0DD1-5B3C-46F4-A70B-B78B60DA8F5A}.Debug|Any CPU.Build.0 = Debug|Any CPU
		{A7EF0DD1-5B3C-46F4-A70B-B78B60DA8F5A}.Release|Any CPU.ActiveCfg = Release|Any CPU
		{A7EF0DD1-5B3C-46F4-A70B-B78B60DA8F5A}.Release|Any CPU.Build.0 = Release|Any CPU
		{6F860061-1713-4DE7-A94C-95A649F49FF5}.Debug|Any CPU.ActiveCfg = Debug|Any CPU
		{6F860061-1713-4DE7-A94C-95A649F49FF5}.Debug|Any CPU.Build.0 = Debug|Any CPU
		{6F860061-1713-4DE7-A94C-95A649F49FF5}.Release|Any CPU.ActiveCfg = Release|Any CPU
		{6F860061-1713-4DE7-A94C-95A649F49FF5}.Release|Any CPU.Build.0 = Release|Any CPU
		{1B6C3087-5ADF-4BC3-B573-B6A514B3FA45}.Debug|Any CPU.ActiveCfg = Debug|Any CPU
		{1B6C3087-5ADF-4BC3-B573-B6A514B3FA45}.Debug|Any CPU.Build.0 = Debug|Any CPU
		{1B6C3087-5ADF-4BC3-B573-B6A514B3FA45}.Release|Any CPU.ActiveCfg = Release|Any CPU
		{1B6C3087-5ADF-4BC3-B573-B6A514B3FA45}.Release|Any CPU.Build.0 = Release|Any CPU
		{3EFD5C4A-55E8-47C5-98A5-954720BA00F2}.Debug|Any CPU.ActiveCfg = Debug|Any CPU
		{3EFD5C4A-55E8-47C5-98A5-954720BA00F2}.Debug|Any CPU.Build.0 = Debug|Any CPU
		{3EFD5C4A-55E8-47C5-98A5-954720BA00F2}.Release|Any CPU.ActiveCfg = Release|Any CPU
		{3EFD5C4A-55E8-47C5-98A5-954720BA00F2}.Release|Any CPU.Build.0 = Release|Any CPU
	EndGlobalSection
	GlobalSection(SolutionProperties) = preSolution
		HideSolutionNode = FALSE
	EndGlobalSection
	GlobalSection(ExtensibilityGlobals) = postSolution
		SolutionGuid = {E63EA410-1126-493F-ADBC-73F6F6A78319}
	EndGlobalSection
EndGlobal
